
Microsoft Visual Studio Solution File, Format Version 12.00
# Visual Studio Version 16
VisualStudioVersion = 16.0.30717.126
MinimumVisualStudioVersion = 10.0.40219.1
Project("{FAE04EC0-301F-11D3-BF4B-00C04F79EFBC}") = "ExchangeRate", "GlassLookTests\ExchangeRate.csproj", "{C468936D-E9F2-4188-B608-6987D7C9BA1D}"
EndProject
Project("{FAE04EC0-301F-11D3-BF4B-00C04F79EFBC}") = "ExchangeRateUWP", "ExchangeRateUWP\ExchangeRateUWP.csproj", "{74150513-566E-4C29-B416-9D075F64059F}"
EndProject
Global
	GlobalSection(SolutionConfigurationPlatforms) = preSolution
		Debug|Any CPU = Debug|Any CPU
		Debug|ARM = Debug|ARM
		Debug|ARM64 = Debug|ARM64
		Debug|x64 = Debug|x64
		Debug|x86 = Debug|x86
		Release|Any CPU = Release|Any CPU
		Release|ARM = Release|ARM
		Release|ARM64 = Release|ARM64
		Release|x64 = Release|x64
		Release|x86 = Release|x86
	EndGlobalSection
	GlobalSection(ProjectConfigurationPlatforms) = postSolution
		{C468936D-E9F2-4188-B608-6987D7C9BA1D}.Debug|Any CPU.ActiveCfg = Debug|Any CPU
		{C468936D-E9F2-4188-B608-6987D7C9BA1D}.Debug|Any CPU.Build.0 = Debug|Any CPU
		{C468936D-E9F2-4188-B608-6987D7C9BA1D}.Debug|ARM.ActiveCfg = Debug|Any CPU
		{C468936D-E9F2-4188-B608-6987D7C9BA1D}.Debug|ARM.Build.0 = Debug|Any CPU
		{C468936D-E9F2-4188-B608-6987D7C9BA1D}.Debug|ARM64.ActiveCfg = Debug|Any CPU
		{C468936D-E9F2-4188-B608-6987D7C9BA1D}.Debug|ARM64.Build.0 = Debug|Any CPU
		{C468936D-E9F2-4188-B608-6987D7C9BA1D}.Debug|x64.ActiveCfg = Debug|Any CPU
		{C468936D-E9F2-4188-B608-6987D7C9BA1D}.Debug|x64.Build.0 = Debug|Any CPU
		{C468936D-E9F2-4188-B608-6987D7C9BA1D}.Debug|x86.ActiveCfg = Debug|Any CPU
		{C468936D-E9F2-4188-B608-6987D7C9BA1D}.Debug|x86.Build.0 = Debug|Any CPU
		{C468936D-E9F2-4188-B608-6987D7C9BA1D}.Release|Any CPU.ActiveCfg = Release|Any CPU
		{C468936D-E9F2-4188-B608-6987D7C9BA1D}.Release|Any CPU.Build.0 = Release|Any CPU
		{C468936D-E9F2-4188-B608-6987D7C9BA1D}.Release|ARM.ActiveCfg = Release|Any CPU
		{C468936D-E9F2-4188-B608-6987D7C9BA1D}.Release|ARM.Build.0 = Release|Any CPU
		{C468936D-E9F2-4188-B608-6987D7C9BA1D}.Release|ARM64.ActiveCfg = Release|Any CPU
		{C468936D-E9F2-4188-B608-6987D7C9BA1D}.Release|ARM64.Build.0 = Release|Any CPU
		{C468936D-E9F2-4188-B608-6987D7C9BA1D}.Release|x64.ActiveCfg = Release|Any CPU
		{C468936D-E9F2-4188-B608-6987D7C9BA1D}.Release|x64.Build.0 = Release|Any CPU
		{C468936D-E9F2-4188-B608-6987D7C9BA1D}.Release|x86.ActiveCfg = Release|Any CPU
		{C468936D-E9F2-4188-B608-6987D7C9BA1D}.Release|x86.Build.0 = Release|Any CPU
		{74150513-566E-4C29-B416-9D075F64059F}.Debug|Any CPU.ActiveCfg = Debug|x86
		{74150513-566E-4C29-B416-9D075F64059F}.Debug|Any CPU.Build.0 = Debug|x86
		{74150513-566E-4C29-B416-9D075F64059F}.Debug|Any CPU.Deploy.0 = Debug|x86
		{74150513-566E-4C29-B416-9D075F64059F}.Debug|ARM.ActiveCfg = Debug|ARM
		{74150513-566E-4C29-B416-9D075F64059F}.Debug|ARM.Build.0 = Debug|ARM
		{74150513-566E-4C29-B416-9D075F64059F}.Debug|ARM.Deploy.0 = Debug|ARM
		{74150513-566E-4C29-B416-9D075F64059F}.Debug|ARM64.ActiveCfg = Debug|ARM64
		{74150513-566E-4C29-B416-9D075F64059F}.Debug|ARM64.Build.0 = Debug|ARM64
		{74150513-566E-4C29-B416-9D075F64059F}.Debug|ARM64.Deploy.0 = Debug|ARM64
		{74150513-566E-4C29-B416-9D075F64059F}.Debug|x64.ActiveCfg = Debug|x64
		{74150513-566E-4C29-B416-9D075F64059F}.Debug|x64.Build.0 = Debug|x64
		{74150513-566E-4C29-B416-9D075F64059F}.Debug|x64.Deploy.0 = Debug|x64
		{74150513-566E-4C29-B416-9D075F64059F}.Debug|x86.ActiveCfg = Debug|x86
		{74150513-566E-4C29-B416-9D075F64059F}.Debug|x86.Build.0 = Debug|x86
		{74150513-566E-4C29-B416-9D075F64059F}.Debug|x86.Deploy.0 = Debug|x86
		{74150513-566E-4C29-B416-9D075F64059F}.Release|Any CPU.ActiveCfg = Release|x86
		{74150513-566E-4C29-B416-9D075F64059F}.Release|ARM.ActiveCfg = Release|ARM
		{74150513-566E-4C29-B416-9D075F64059F}.Release|ARM.Build.0 = Release|ARM
		{74150513-566E-4C29-B416-9D075F64059F}.Release|ARM.Deploy.0 = Release|ARM
		{74150513-566E-4C29-B416-9D075F64059F}.Release|ARM64.ActiveCfg = Release|ARM64
		{74150513-566E-4C29-B416-9D075F64059F}.Release|ARM64.Build.0 = Release|ARM64
		{74150513-566E-4C29-B416-9D075F64059F}.Release|ARM64.Deploy.0 = Release|ARM64
		{74150513-566E-4C29-B416-9D075F64059F}.Release|x64.ActiveCfg = Release|x64
		{74150513-566E-4C29-B416-9D075F64059F}.Release|x64.Build.0 = Release|x64
		{74150513-566E-4C29-B416-9D075F64059F}.Release|x64.Deploy.0 = Release|x64
		{74150513-566E-4C29-B416-9D075F64059F}.Release|x86.ActiveCfg = Release|x86
		{74150513-566E-4C29-B416-9D075F64059F}.Release|x86.Build.0 = Release|x86
		{74150513-566E-4C29-B416-9D075F64059F}.Release|x86.Deploy.0 = Release|x86
	EndGlobalSection
	GlobalSection(SolutionProperties) = preSolution
		HideSolutionNode = FALSE
	EndGlobalSection
	GlobalSection(ExtensibilityGlobals) = postSolution
		SolutionGuid = {9545DBAF-E892-4B77-AE16-A0AA2068584A}
	EndGlobalSection
EndGlobal
